
Microsoft Visual Studio Solution File, Format Version 12.00
# Visual Studio Version 16
VisualStudioVersion = 16.0.32228.343
MinimumVisualStudioVersion = 10.0.40219.1
Project("{FAE04EC0-301F-11D3-BF4B-00C04F79EFBC}") = "Smallest_Pos_Int_Finder_project", "Smallest_Pos_Int_Finder_project\Smallest_Pos_Int_Finder_project.csproj", "{254A0267-F867-450C-BA2D-C38C92515869}"
EndProject
Global
	GlobalSection(SolutionConfigurationPlatforms) = preSolution
		Debug|Any CPU = Debug|Any CPU
		Release|Any CPU = Release|Any CPU
	EndGlobalSection
	GlobalSection(ProjectConfigurationPlatforms) = postSolution
		{254A0267-F867-450C-BA2D-C38C92515869}.Debug|Any CPU.ActiveCfg = Debug|Any CPU
		{254A0267-F867-450C-BA2D-C38C92515869}.Debug|Any CPU.Build.0 = Debug|Any CPU
		{254A0267-F867-450C-BA2D-C38C92515869}.Release|Any CPU.ActiveCfg = Release|Any CPU
		{254A0267-F867-450C-BA2D-C38C92515869}.Release|Any CPU.Build.0 = Release|Any CPU
	EndGlobalSection
	GlobalSection(SolutionProperties) = preSolution
		HideSolutionNode = FALSE
	EndGlobalSection
	GlobalSection(ExtensibilityGlobals) = postSolution
		SolutionGuid = {E756EF83-BB57-4799-943E-CFF7F494919C}
	EndGlobalSection
EndGlobal
